<?xml version="1.0" encoding="utf-8"?>
<Project ToolsVersion="4.0" xmlns="http://schemas.microsoft.com/developer/msbuild/2003">
  <ItemGroup>
    <Filter Include="Student Class">
      <UniqueIdentifier>{2d90f68a-8943-4628-ae7b-ad2443b6bfcd}</UniqueIdentifier>
    </Filter>
    <Filter Include="Tests">
      <UniqueIdentifier>{31ccc6fd-daac-494e-a0ce-8e94c83c2282}</UniqueIdentifier>
    </Filter>
    <Filter Include="Utils">
      <UniqueIdentifier>{36f61081-1f5d-4a69-b7d8-43d7cb53d19d}</UniqueIdentifier>
    </Filter>
  </ItemGroup>
  <ItemGroup>
    <ClInclude Include="passport.hpp">
      <Filter>Student Class</Filter>
    </ClInclude>
    <ClInclude Include="testslib.hpp">
      <Filter>Tests</Filter>
    </ClInclude>
    <ClInclude Include="date.hpp">
      <Filter>Utils</Filter>
    </ClInclude>
    <ClInclude Include="messages.hpp">
      <Filter>Utils</Filter>
    </ClInclude>
  </ItemGroup>
  <ItemGroup>
    <ClCompile Include="passport.cpp">
      <Filter>Student Class</Filter>
    </ClCompile>
    <ClCompile Include="passport_test.cpp">
      <Filter>Tests</Filter>
    </ClCompile>
    <ClCompile Include="date.cpp">
      <Filter>Utils</Filter>
    </ClCompile>
  </ItemGroup>
</Project>